
Microsoft Visual Studio Solution File, Format Version 12.00
# Visual Studio Version 17
VisualStudioVersion = 17.5.33627.172
MinimumVisualStudioVersion = 10.0.40219.1
Project("{FAE04EC0-301F-11D3-BF4B-00C04F79EFBC}") = "WebsiteBanHang", "WebsiteBanHang\WebsiteBanHang.csproj", "{3878EB31-5C96-4236-ADC9-3BA7A79A0898}"
EndProject
Global
	GlobalSection(SolutionConfigurationPlatforms) = preSolution
		Debug|Any CPU = Debug|Any CPU
		Release|Any CPU = Release|Any CPU
	EndGlobalSection
	GlobalSection(ProjectConfigurationPlatforms) = postSolution
		{3878EB31-5C96-4236-ADC9-3BA7A79A0898}.Debug|Any CPU.ActiveCfg = Debug|Any CPU
		{3878EB31-5C96-4236-ADC9-3BA7A79A0898}.Debug|Any CPU.Build.0 = Debug|Any CPU
		{3878EB31-5C96-4236-ADC9-3BA7A79A0898}.Release|Any CPU.ActiveCfg = Release|Any CPU
		{3878EB31-5C96-4236-ADC9-3BA7A79A0898}.Release|Any CPU.Build.0 = Release|Any CPU
	EndGlobalSection
	GlobalSection(SolutionProperties) = preSolution
		HideSolutionNode = FALSE
	EndGlobalSection
	GlobalSection(ExtensibilityGlobals) = postSolution
		SolutionGuid = {D3F6A490-01E7-4A4C-A1D2-36FFC2278457}
	EndGlobalSection
EndGlobal
